<?xml version="1.0" encoding="utf-8"?>
<Project ToolsVersion="4.0" xmlns="http://schemas.microsoft.com/developer/msbuild/2003">
  <ItemGroup>
    <Filter Include="소스 파일">
      <UniqueIdentifier>{4FC737F1-C7A5-4376-A066-2A32D752A2FF}</UniqueIdentifier>
      <Extensions>cpp;c;cc;cxx;c++;cppm;ixx;def;odl;idl;hpj;bat;asm;asmx</Extensions>
    </Filter>
    <Filter Include="헤더 파일">
      <UniqueIdentifier>{93995380-89BD-4b04-88EB-625FBE52EBFB}</UniqueIdentifier>
      <Extensions>h;hh;hpp;hxx;h++;hm;inl;inc;ipp;xsd</Extensions>
    </Filter>
    <Filter Include="리소스 파일">
      <UniqueIdentifier>{67DA6AB6-F800-4c08-8B7A-83BB121AAD01}</UniqueIdentifier>
      <Extensions>rc;ico;cur;bmp;dlg;rc2;rct;bin;rgs;gif;jpg;jpeg;jpe;resx;tiff;tif;png;wav;mfcribbon-ms</Extensions>
    </Filter>
  </ItemGroup>
  <ItemGroup>
    <ClCompile Include="code_test_1.cpp">
      <Filter>소스 파일</Filter>
    </ClCompile>
    <ClCompile Include="[PCCP 9번].cpp">
      <Filter>소스 파일</Filter>
    </ClCompile>
    <ClCompile Include="[PCCP 10번].cpp">
      <Filter>소스 파일</Filter>
    </ClCompile>
    <ClCompile Include="code_test_2.cpp">
      <Filter>소스 파일</Filter>
    </ClCompile>
    <ClCompile Include="code_test_3.cpp">
      <Filter>소스 파일</Filter>
    </ClCompile>
    <ClCompile Include="main.cpp">
      <Filter>소스 파일</Filter>
    </ClCompile>
    <ClCompile Include="[PCCP 2번].cpp">
      <Filter>소스 파일</Filter>
    </ClCompile>
    <ClCompile Include="[PCCP 3번].cpp">
      <Filter>소스 파일</Filter>
    </ClCompile>
    <ClCompile Include="달리기경주.cpp">
      <Filter>소스 파일</Filter>
    </ClCompile>
    <ClCompile Include="추억점수.cpp">
      <Filter>소스 파일</Filter>
    </ClCompile>
    <ClCompile Include="햄버거만들기.cpp">
      <Filter>소스 파일</Filter>
    </ClCompile>
    <ClCompile Include="콜라문제.cpp">
      <Filter>소스 파일</Filter>
    </ClCompile>
    <ClCompile Include="삼총사.cpp">
      <Filter>소스 파일</Filter>
    </ClCompile>
    <ClCompile Include="숫자 짝꿍.cpp">
      <Filter>소스 파일</Filter>
    </ClCompile>
    <ClCompile Include="최소직사각형.cpp">
      <Filter>소스 파일</Filter>
    </ClCompile>
    <ClCompile Include="할인행사.cpp">
      <Filter>소스 파일</Filter>
    </ClCompile>
    <ClCompile Include="교점에별만들기.cpp">
      <Filter>소스 파일</Filter>
    </ClCompile>
    <ClCompile Include="해시 테이블.cpp">
      <Filter>소스 파일</Filter>
    </ClCompile>
    <ClCompile Include="유사 칸토어 비트열.cpp">
      <Filter>소스 파일</Filter>
    </ClCompile>
    <ClCompile Include="점찍기.cpp">
      <Filter>소스 파일</Filter>
    </ClCompile>
    <ClCompile Include="두 원 사이의 정수 쌍.cpp">
      <Filter>소스 파일</Filter>
    </ClCompile>
    <ClCompile Include="혼자 놀기의 달인.cpp">
      <Filter>소스 파일</Filter>
    </ClCompile>
    <ClCompile Include="소수찾기.cpp">
      <Filter>소스 파일</Filter>
    </ClCompile>
    <ClCompile Include="DFS.cpp">
      <Filter>소스 파일</Filter>
    </ClCompile>
    <ClCompile Include="선택정렬.cpp">
      <Filter>소스 파일</Filter>
    </ClCompile>
    <ClCompile Include="SOOP.cpp">
      <Filter>소스 파일</Filter>
    </ClCompile>
    <ClCompile Include="두 큐 합 같게 만들기.cpp">
      <Filter>소스 파일</Filter>
    </ClCompile>
    <ClCompile Include="주차요금계산.cpp">
      <Filter>소스 파일</Filter>
    </ClCompile>
    <ClCompile Include="퍼즐 게임 챌린지.cpp">
      <Filter>소스 파일</Filter>
    </ClCompile>
    <ClCompile Include="k진수에서 소수 개수 구하기.cpp">
      <Filter>소스 파일</Filter>
    </ClCompile>
    <ClCompile Include="2개이하로 다른 비트.cpp">
      <Filter>소스 파일</Filter>
    </ClCompile>
    <ClCompile Include="거리두기 확인하기.cpp">
      <Filter>소스 파일</Filter>
    </ClCompile>
    <ClCompile Include="괄호회전하기.cpp">
      <Filter>소스 파일</Filter>
    </ClCompile>
    <ClCompile Include="모음사전.cpp">
      <Filter>소스 파일</Filter>
    </ClCompile>
    <ClCompile Include="삼각달팽이.cpp">
      <Filter>소스 파일</Filter>
    </ClCompile>
    <ClCompile Include="수식 최대화.cpp">
      <Filter>소스 파일</Filter>
    </ClCompile>
    <ClCompile Include="이진 변환 반복하기.cpp">
      <Filter>소스 파일</Filter>
    </ClCompile>
    <ClCompile Include="쿼드압축 후 개수 세기.cpp">
      <Filter>소스 파일</Filter>
    </ClCompile>
    <ClCompile Include="행렬테두리회전하기.cpp">
      <Filter>소스 파일</Filter>
    </ClCompile>
    <ClCompile Include="튜플.cpp">
      <Filter>소스 파일</Filter>
    </ClCompile>
    <ClCompile Include="괄호변환.cpp">
      <Filter>소스 파일</Filter>
    </ClCompile>
    <ClCompile Include="tmp.cpp">
      <Filter>소스 파일</Filter>
    </ClCompile>
    <ClCompile Include="블록뭉치.cpp">
      <Filter>소스 파일</Filter>
    </ClCompile>
  </ItemGroup>
  <ItemGroup>
    <ClInclude Include="header.h">
      <Filter>헤더 파일</Filter>
    </ClInclude>
  </ItemGroup>
</Project>